# This file is automatically @generated by Cargo.
# It is not intended for manual editing.
version = 3

[[package]]
name = "core"
version = "0.1.0"
dependencies = [
 "linalg",
]

[[package]]
name = "data_type"
version = "0.1.0"

[[package]]
name = "ex07"
version = "0.1.0"
dependencies = [
 "core",
 "data_type",
 "linalg",
 "onnx",
]

[[package]]
name = "linalg"
version = "0.1.0"
dependencies = [
 "data_type",
]

[[package]]
name = "onnx"
version = "0.1.0"
dependencies = [
 "core",
]
